
Microsoft Visual Studio Solution File, Format Version 12.00
# Visual Studio Version 17
VisualStudioVersion = 17.2.32526.322
MinimumVisualStudioVersion = 10.0.40219.1
Project("{FAE04EC0-301F-11D3-BF4B-00C04F79EFBC}") = "Практ(1)", "Практ(1)\Практ(1).csproj", "{E62819F1-FD1B-47D4-BD19-5B909BF8775F}"
EndProject
Project("{FAE04EC0-301F-11D3-BF4B-00C04F79EFBC}") = "Lib(8)", "..\Lib(8)\Lib(8).csproj", "{EC94E9F3-2E0A-4519-A29C-400254850FD1}"
EndProject
Global
	GlobalSection(SolutionConfigurationPlatforms) = preSolution
		Debug|Any CPU = Debug|Any CPU
		Release|Any CPU = Release|Any CPU
	EndGlobalSection
	GlobalSection(ProjectConfigurationPlatforms) = postSolution
		{E62819F1-FD1B-47D4-BD19-5B909BF8775F}.Debug|Any CPU.ActiveCfg = Debug|Any CPU
		{E62819F1-FD1B-47D4-BD19-5B909BF8775F}.Debug|Any CPU.Build.0 = Debug|Any CPU
		{E62819F1-FD1B-47D4-BD19-5B909BF8775F}.Release|Any CPU.ActiveCfg = Release|Any CPU
		{E62819F1-FD1B-47D4-BD19-5B909BF8775F}.Release|Any CPU.Build.0 = Release|Any CPU
		{EC94E9F3-2E0A-4519-A29C-400254850FD1}.Debug|Any CPU.ActiveCfg = Debug|Any CPU
		{EC94E9F3-2E0A-4519-A29C-400254850FD1}.Debug|Any CPU.Build.0 = Debug|Any CPU
		{EC94E9F3-2E0A-4519-A29C-400254850FD1}.Release|Any CPU.ActiveCfg = Release|Any CPU
		{EC94E9F3-2E0A-4519-A29C-400254850FD1}.Release|Any CPU.Build.0 = Release|Any CPU
	EndGlobalSection
	GlobalSection(SolutionProperties) = preSolution
		HideSolutionNode = FALSE
	EndGlobalSection
	GlobalSection(ExtensibilityGlobals) = postSolution
		SolutionGuid = {C3B5C65E-3470-46EA-B62C-C46559AE5428}
	EndGlobalSection
EndGlobal
